
Microsoft Visual Studio Solution File, Format Version 12.00
# Visual Studio 15
VisualStudioVersion = 15.0.28307.421
MinimumVisualStudioVersion = 10.0.40219.1
Project("{FAE04EC0-301F-11D3-BF4B-00C04F79EFBC}") = "CalculatorConsoleApp", "CalculatorConsoleApp\CalculatorConsoleApp.csproj", "{0ACC9B9F-9024-4BDA-9CB8-98C9959361A0}"
EndProject
Project("{FAE04EC0-301F-11D3-BF4B-00C04F79EFBC}") = "CalculatorWindowsFormsApp", "CalculatorWindowsFormsApp\CalculatorWindowsFormsApp.csproj", "{C2E5E474-F74A-4C27-A5A6-028DF26AA372}"
EndProject
Project("{FAE04EC0-301F-11D3-BF4B-00C04F79EFBC}") = "CalculatorMachine", "CalculatorMachine\CalculatorMachine.csproj", "{C37F58CA-7E96-4B8E-996A-C097DA8EEDA5}"
EndProject
Global
	GlobalSection(SolutionConfigurationPlatforms) = preSolution
		Debug|Any CPU = Debug|Any CPU
		Release|Any CPU = Release|Any CPU
	EndGlobalSection
	GlobalSection(ProjectConfigurationPlatforms) = postSolution
		{0ACC9B9F-9024-4BDA-9CB8-98C9959361A0}.Debug|Any CPU.ActiveCfg = Debug|Any CPU
		{0ACC9B9F-9024-4BDA-9CB8-98C9959361A0}.Debug|Any CPU.Build.0 = Debug|Any CPU
		{0ACC9B9F-9024-4BDA-9CB8-98C9959361A0}.Release|Any CPU.ActiveCfg = Release|Any CPU
		{0ACC9B9F-9024-4BDA-9CB8-98C9959361A0}.Release|Any CPU.Build.0 = Release|Any CPU
		{C2E5E474-F74A-4C27-A5A6-028DF26AA372}.Debug|Any CPU.ActiveCfg = Debug|Any CPU
		{C2E5E474-F74A-4C27-A5A6-028DF26AA372}.Debug|Any CPU.Build.0 = Debug|Any CPU
		{C2E5E474-F74A-4C27-A5A6-028DF26AA372}.Release|Any CPU.ActiveCfg = Release|Any CPU
		{C2E5E474-F74A-4C27-A5A6-028DF26AA372}.Release|Any CPU.Build.0 = Release|Any CPU
		{C37F58CA-7E96-4B8E-996A-C097DA8EEDA5}.Debug|Any CPU.ActiveCfg = Debug|Any CPU
		{C37F58CA-7E96-4B8E-996A-C097DA8EEDA5}.Debug|Any CPU.Build.0 = Debug|Any CPU
		{C37F58CA-7E96-4B8E-996A-C097DA8EEDA5}.Release|Any CPU.ActiveCfg = Release|Any CPU
		{C37F58CA-7E96-4B8E-996A-C097DA8EEDA5}.Release|Any CPU.Build.0 = Release|Any CPU
	EndGlobalSection
	GlobalSection(SolutionProperties) = preSolution
		HideSolutionNode = FALSE
	EndGlobalSection
	GlobalSection(ExtensibilityGlobals) = postSolution
		SolutionGuid = {2D7749E0-857B-4EFA-9A81-59C23A57C194}
	EndGlobalSection
EndGlobal
